--- 
scopes: 
  compile: 
    dependencies: 
      - /home/zinger/devel/projects/swx/lock_jar/spec/pom.xml
    resolved_dependencies: 
      - com.slackworks:modelcitizen:jar:0.2.2
      - commons-lang:commons-lang:jar:2.6
      - commons-beanutils:commons-beanutils:jar:1.8.3
      - commons-logging:commons-logging:jar:1.1.1
      - ch.qos.logback:logback-classic:jar:0.9.24
      - ch.qos.logback:logback-core:jar:0.9.24
      - org.slf4j:slf4j-api:jar:1.6.1
      - com.metapossum:metapossum-scanner:jar:1.0
      - commons-io:commons-io:jar:1.4
      - junit:junit:jar:4.7
  test: 
    dependencies: 
      - junit:junit:jar:4.10
    resolved_dependencies: 
      - junit:junit:jar:4.10
      - org.hamcrest:hamcrest-core:jar:1.1
